
Microsoft Visual Studio Solution File, Format Version 12.00
# Visual Studio Version 17
VisualStudioVersion = 17.11.35303.130
MinimumVisualStudioVersion = 10.0.40219.1
Project("{FAE04EC0-301F-11D3-BF4B-00C04F79EFBC}") = "TaskManagerBackend", "TaskManagerBackend\TaskManagerBackend.csproj", "{42CC4BFB-7B23-4ECC-A0F2-8D3E6CE2C9C1}"
EndProject
Global
	GlobalSection(SolutionConfigurationPlatforms) = preSolution
		Debug|Any CPU = Debug|Any CPU
		Release|Any CPU = Release|Any CPU
	EndGlobalSection
	GlobalSection(ProjectConfigurationPlatforms) = postSolution
		{42CC4BFB-7B23-4ECC-A0F2-8D3E6CE2C9C1}.Debug|Any CPU.ActiveCfg = Debug|Any CPU
		{42CC4BFB-7B23-4ECC-A0F2-8D3E6CE2C9C1}.Debug|Any CPU.Build.0 = Debug|Any CPU
		{42CC4BFB-7B23-4ECC-A0F2-8D3E6CE2C9C1}.Release|Any CPU.ActiveCfg = Release|Any CPU
		{42CC4BFB-7B23-4ECC-A0F2-8D3E6CE2C9C1}.Release|Any CPU.Build.0 = Release|Any CPU
	EndGlobalSection
	GlobalSection(SolutionProperties) = preSolution
		HideSolutionNode = FALSE
	EndGlobalSection
	GlobalSection(ExtensibilityGlobals) = postSolution
		SolutionGuid = {A80F95FF-D306-4372-8D7A-5728F25493D7}
	EndGlobalSection
EndGlobal
